
Microsoft Visual Studio Solution File, Format Version 12.00
# Visual Studio Version 17
VisualStudioVersion = 17.14.36518.9 d17.14
MinimumVisualStudioVersion = 10.0.40219.1
Project("{FAE04EC0-301F-11D3-BF4B-00C04F79EFBC}") = "SecretDecoder", "SecretDecoder\SecretDecoder.csproj", "{7DCB21A8-D8E9-4D47-A2E9-1A447F764CAA}"
EndProject
Global
	GlobalSection(SolutionConfigurationPlatforms) = preSolution
		Debug|Any CPU = Debug|Any CPU
		Release|Any CPU = Release|Any CPU
	EndGlobalSection
	GlobalSection(ProjectConfigurationPlatforms) = postSolution
		{7DCB21A8-D8E9-4D47-A2E9-1A447F764CAA}.Debug|Any CPU.ActiveCfg = Debug|Any CPU
		{7DCB21A8-D8E9-4D47-A2E9-1A447F764CAA}.Debug|Any CPU.Build.0 = Debug|Any CPU
		{7DCB21A8-D8E9-4D47-A2E9-1A447F764CAA}.Release|Any CPU.ActiveCfg = Release|Any CPU
		{7DCB21A8-D8E9-4D47-A2E9-1A447F764CAA}.Release|Any CPU.Build.0 = Release|Any CPU
	EndGlobalSection
	GlobalSection(SolutionProperties) = preSolution
		HideSolutionNode = FALSE
	EndGlobalSection
	GlobalSection(ExtensibilityGlobals) = postSolution
		SolutionGuid = {2503F0AD-A61A-4CBF-B4E7-BC2EFAA279B4}
	EndGlobalSection
EndGlobal
